
Microsoft Visual Studio Solution File, Format Version 11.00
# Visual Studio 2010
Project("{FAE04EC0-301F-11D3-BF4B-00C04F79EFBC}") = "MapTiler", "MapTiler\MapTiler.csproj", "{A4EF041D-3F5B-4562-9057-81B38A30419F}"
EndProject
Project("{FAE04EC0-301F-11D3-BF4B-00C04F79EFBC}") = "MapBuilder", "MapBuilder\MapBuilder.csproj", "{635E39BF-3EE4-4B27-B571-1847E5C2C9C4}"
EndProject
Global
	GlobalSection(SolutionConfigurationPlatforms) = preSolution
		Debug|x86 = Debug|x86
		Release|x86 = Release|x86
	EndGlobalSection
	GlobalSection(ProjectConfigurationPlatforms) = postSolution
		{A4EF041D-3F5B-4562-9057-81B38A30419F}.Debug|x86.ActiveCfg = Debug|x86
		{A4EF041D-3F5B-4562-9057-81B38A30419F}.Debug|x86.Build.0 = Debug|x86
		{A4EF041D-3F5B-4562-9057-81B38A30419F}.Release|x86.ActiveCfg = Release|x86
		{A4EF041D-3F5B-4562-9057-81B38A30419F}.Release|x86.Build.0 = Release|x86
		{635E39BF-3EE4-4B27-B571-1847E5C2C9C4}.Debug|x86.ActiveCfg = Debug|x86
		{635E39BF-3EE4-4B27-B571-1847E5C2C9C4}.Debug|x86.Build.0 = Debug|x86
		{635E39BF-3EE4-4B27-B571-1847E5C2C9C4}.Release|x86.ActiveCfg = Release|x86
		{635E39BF-3EE4-4B27-B571-1847E5C2C9C4}.Release|x86.Build.0 = Release|x86
	EndGlobalSection
	GlobalSection(SolutionProperties) = preSolution
		HideSolutionNode = FALSE
	EndGlobalSection
EndGlobal
